
Microsoft Visual Studio Solution File, Format Version 12.00
# Visual Studio Version 17
VisualStudioVersion = 17.11.35327.3
MinimumVisualStudioVersion = 10.0.40219.1
Project("{9A19103F-16F7-4668-BE54-9A1E7A4F7556}") = "RestauranteRedeSaude.AppHost", "RestauranteRedeSaude.AppHost\RestauranteRedeSaude.AppHost.csproj", "{081720BB-014C-4D4F-AEDD-7F34741D0620}"
EndProject
Project("{9A19103F-16F7-4668-BE54-9A1E7A4F7556}") = "RestauranteRedeSaude.ServiceDefaults", "RestauranteRedeSaude.ServiceDefaults\RestauranteRedeSaude.ServiceDefaults.csproj", "{FA855AC6-A43C-4F00-B85B-992A750B7E3F}"
EndProject
Project("{9A19103F-16F7-4668-BE54-9A1E7A4F7556}") = "RestauranteRedeSaude.Web", "RestauranteRedeSaude.Web\RestauranteRedeSaude.Web.csproj", "{09525A69-EC49-4132-B9D7-037FA2B598EF}"
EndProject
Project("{9A19103F-16F7-4668-BE54-9A1E7A4F7556}") = "RestauranteRedeSaudeFornecedores", "RestauranteRedeSaudeFornecedores\RestauranteRedeSaudeFornecedores.csproj", "{5A71550C-4AF1-48A4-B049-71BE06635F07}"
EndProject
Project("{2150E333-8FDC-42A3-9474-1A3956D46DE8}") = "WebApis", "WebApis", "{0C01A0CD-59DF-4818-8341-F15BB9F8A375}"
EndProject
Project("{9A19103F-16F7-4668-BE54-9A1E7A4F7556}") = "RestauranteRedeSaudeEstoque", "RestauranteRedeSaudeEstoque\RestauranteRedeSaudeEstoque.csproj", "{96403642-0E17-434D-83AC-C0CAAA7ADA4D}"
EndProject
Project("{9A19103F-16F7-4668-BE54-9A1E7A4F7556}") = "RestauranteRedeSaudeFuncionarios", "RestauranteRedeSaudeFuncionarios\RestauranteRedeSaudeFuncionarios.csproj", "{BA94B3C1-5FAC-478A-A0B4-18D4115C073A}"
EndProject
Project("{2150E333-8FDC-42A3-9474-1A3956D46DE8}") = "Uteis", "Uteis", "{015DEB31-6993-4F3F-8ADB-1D4888834300}"
EndProject
Project("{9A19103F-16F7-4668-BE54-9A1E7A4F7556}") = "Business", "Business\Business.csproj", "{3224FECF-89AA-47EB-8DA7-9F645270A016}"
EndProject
Project("{9A19103F-16F7-4668-BE54-9A1E7A4F7556}") = "Data", "Data\Data.csproj", "{57A29139-CA79-4C6C-AA93-BADB21E25D2A}"
EndProject
Project("{9A19103F-16F7-4668-BE54-9A1E7A4F7556}") = "Models", "Models\Models.csproj", "{6E21154C-D6AD-43F7-9C13-10F146C16805}"
EndProject
Project("{9A19103F-16F7-4668-BE54-9A1E7A4F7556}") = "RestauranteRedeSaudePrato", "RestauranteRedeSaudePrato\RestauranteRedeSaudePrato.csproj", "{163184F5-F7B7-4C65-BCB0-A3282039EB18}"
EndProject
Project("{FAE04EC0-301F-11D3-BF4B-00C04F79EFBC}") = "ViewsModels", "ViewsModels\ViewsModels.csproj", "{1931E1D7-B5AD-41F6-BEC7-5E18A7B4213C}"
EndProject
Project("{FAE04EC0-301F-11D3-BF4B-00C04F79EFBC}") = "RestauranteRedeSaude.Gateway", "ApiGateway\RestauranteRedeSaude.Gateway.csproj", "{E08F1886-4178-47F4-9C8B-6B7CD8E3100A}"
EndProject
Global
	GlobalSection(SolutionConfigurationPlatforms) = preSolution
		Debug|Any CPU = Debug|Any CPU
		Debug|x64 = Debug|x64
		Debug|x86 = Debug|x86
		Release|Any CPU = Release|Any CPU
		Release|x64 = Release|x64
		Release|x86 = Release|x86
	EndGlobalSection
	GlobalSection(ProjectConfigurationPlatforms) = postSolution
		{081720BB-014C-4D4F-AEDD-7F34741D0620}.Debug|Any CPU.ActiveCfg = Debug|Any CPU
		{081720BB-014C-4D4F-AEDD-7F34741D0620}.Debug|Any CPU.Build.0 = Debug|Any CPU
		{081720BB-014C-4D4F-AEDD-7F34741D0620}.Debug|x64.ActiveCfg = Debug|Any CPU
		{081720BB-014C-4D4F-AEDD-7F34741D0620}.Debug|x64.Build.0 = Debug|Any CPU
		{081720BB-014C-4D4F-AEDD-7F34741D0620}.Debug|x86.ActiveCfg = Debug|Any CPU
		{081720BB-014C-4D4F-AEDD-7F34741D0620}.Debug|x86.Build.0 = Debug|Any CPU
		{081720BB-014C-4D4F-AEDD-7F34741D0620}.Release|Any CPU.ActiveCfg = Release|Any CPU
		{081720BB-014C-4D4F-AEDD-7F34741D0620}.Release|Any CPU.Build.0 = Release|Any CPU
		{081720BB-014C-4D4F-AEDD-7F34741D0620}.Release|x64.ActiveCfg = Release|Any CPU
		{081720BB-014C-4D4F-AEDD-7F34741D0620}.Release|x64.Build.0 = Release|Any CPU
		{081720BB-014C-4D4F-AEDD-7F34741D0620}.Release|x86.ActiveCfg = Release|Any CPU
		{081720BB-014C-4D4F-AEDD-7F34741D0620}.Release|x86.Build.0 = Release|Any CPU
		{FA855AC6-A43C-4F00-B85B-992A750B7E3F}.Debug|Any CPU.ActiveCfg = Debug|Any CPU
		{FA855AC6-A43C-4F00-B85B-992A750B7E3F}.Debug|Any CPU.Build.0 = Debug|Any CPU
		{FA855AC6-A43C-4F00-B85B-992A750B7E3F}.Debug|x64.ActiveCfg = Debug|Any CPU
		{FA855AC6-A43C-4F00-B85B-992A750B7E3F}.Debug|x64.Build.0 = Debug|Any CPU
		{FA855AC6-A43C-4F00-B85B-992A750B7E3F}.Debug|x86.ActiveCfg = Debug|Any CPU
		{FA855AC6-A43C-4F00-B85B-992A750B7E3F}.Debug|x86.Build.0 = Debug|Any CPU
		{FA855AC6-A43C-4F00-B85B-992A750B7E3F}.Release|Any CPU.ActiveCfg = Release|Any CPU
		{FA855AC6-A43C-4F00-B85B-992A750B7E3F}.Release|Any CPU.Build.0 = Release|Any CPU
		{FA855AC6-A43C-4F00-B85B-992A750B7E3F}.Release|x64.ActiveCfg = Release|Any CPU
		{FA855AC6-A43C-4F00-B85B-992A750B7E3F}.Release|x64.Build.0 = Release|Any CPU
		{FA855AC6-A43C-4F00-B85B-992A750B7E3F}.Release|x86.ActiveCfg = Release|Any CPU
		{FA855AC6-A43C-4F00-B85B-992A750B7E3F}.Release|x86.Build.0 = Release|Any CPU
		{09525A69-EC49-4132-B9D7-037FA2B598EF}.Debug|Any CPU.ActiveCfg = Debug|Any CPU
		{09525A69-EC49-4132-B9D7-037FA2B598EF}.Debug|Any CPU.Build.0 = Debug|Any CPU
		{09525A69-EC49-4132-B9D7-037FA2B598EF}.Debug|x64.ActiveCfg = Debug|Any CPU
		{09525A69-EC49-4132-B9D7-037FA2B598EF}.Debug|x64.Build.0 = Debug|Any CPU
		{09525A69-EC49-4132-B9D7-037FA2B598EF}.Debug|x86.ActiveCfg = Debug|Any CPU
		{09525A69-EC49-4132-B9D7-037FA2B598EF}.Debug|x86.Build.0 = Debug|Any CPU
		{09525A69-EC49-4132-B9D7-037FA2B598EF}.Release|Any CPU.ActiveCfg = Release|Any CPU
		{09525A69-EC49-4132-B9D7-037FA2B598EF}.Release|Any CPU.Build.0 = Release|Any CPU
		{09525A69-EC49-4132-B9D7-037FA2B598EF}.Release|x64.ActiveCfg = Release|Any CPU
		{09525A69-EC49-4132-B9D7-037FA2B598EF}.Release|x64.Build.0 = Release|Any CPU
		{09525A69-EC49-4132-B9D7-037FA2B598EF}.Release|x86.ActiveCfg = Release|Any CPU
		{09525A69-EC49-4132-B9D7-037FA2B598EF}.Release|x86.Build.0 = Release|Any CPU
		{5A71550C-4AF1-48A4-B049-71BE06635F07}.Debug|Any CPU.ActiveCfg = Debug|Any CPU
		{5A71550C-4AF1-48A4-B049-71BE06635F07}.Debug|Any CPU.Build.0 = Debug|Any CPU
		{5A71550C-4AF1-48A4-B049-71BE06635F07}.Debug|x64.ActiveCfg = Debug|Any CPU
		{5A71550C-4AF1-48A4-B049-71BE06635F07}.Debug|x64.Build.0 = Debug|Any CPU
		{5A71550C-4AF1-48A4-B049-71BE06635F07}.Debug|x86.ActiveCfg = Debug|Any CPU
		{5A71550C-4AF1-48A4-B049-71BE06635F07}.Debug|x86.Build.0 = Debug|Any CPU
		{5A71550C-4AF1-48A4-B049-71BE06635F07}.Release|Any CPU.ActiveCfg = Release|Any CPU
		{5A71550C-4AF1-48A4-B049-71BE06635F07}.Release|Any CPU.Build.0 = Release|Any CPU
		{5A71550C-4AF1-48A4-B049-71BE06635F07}.Release|x64.ActiveCfg = Release|Any CPU
		{5A71550C-4AF1-48A4-B049-71BE06635F07}.Release|x64.Build.0 = Release|Any CPU
		{5A71550C-4AF1-48A4-B049-71BE06635F07}.Release|x86.ActiveCfg = Release|Any CPU
		{5A71550C-4AF1-48A4-B049-71BE06635F07}.Release|x86.Build.0 = Release|Any CPU
		{96403642-0E17-434D-83AC-C0CAAA7ADA4D}.Debug|Any CPU.ActiveCfg = Debug|Any CPU
		{96403642-0E17-434D-83AC-C0CAAA7ADA4D}.Debug|Any CPU.Build.0 = Debug|Any CPU
		{96403642-0E17-434D-83AC-C0CAAA7ADA4D}.Debug|x64.ActiveCfg = Debug|Any CPU
		{96403642-0E17-434D-83AC-C0CAAA7ADA4D}.Debug|x64.Build.0 = Debug|Any CPU
		{96403642-0E17-434D-83AC-C0CAAA7ADA4D}.Debug|x86.ActiveCfg = Debug|Any CPU
		{96403642-0E17-434D-83AC-C0CAAA7ADA4D}.Debug|x86.Build.0 = Debug|Any CPU
		{96403642-0E17-434D-83AC-C0CAAA7ADA4D}.Release|Any CPU.ActiveCfg = Release|Any CPU
		{96403642-0E17-434D-83AC-C0CAAA7ADA4D}.Release|Any CPU.Build.0 = Release|Any CPU
		{96403642-0E17-434D-83AC-C0CAAA7ADA4D}.Release|x64.ActiveCfg = Release|Any CPU
		{96403642-0E17-434D-83AC-C0CAAA7ADA4D}.Release|x64.Build.0 = Release|Any CPU
		{96403642-0E17-434D-83AC-C0CAAA7ADA4D}.Release|x86.ActiveCfg = Release|Any CPU
		{96403642-0E17-434D-83AC-C0CAAA7ADA4D}.Release|x86.Build.0 = Release|Any CPU
		{BA94B3C1-5FAC-478A-A0B4-18D4115C073A}.Debug|Any CPU.ActiveCfg = Debug|Any CPU
		{BA94B3C1-5FAC-478A-A0B4-18D4115C073A}.Debug|Any CPU.Build.0 = Debug|Any CPU
		{BA94B3C1-5FAC-478A-A0B4-18D4115C073A}.Debug|x64.ActiveCfg = Debug|Any CPU
		{BA94B3C1-5FAC-478A-A0B4-18D4115C073A}.Debug|x64.Build.0 = Debug|Any CPU
		{BA94B3C1-5FAC-478A-A0B4-18D4115C073A}.Debug|x86.ActiveCfg = Debug|Any CPU
		{BA94B3C1-5FAC-478A-A0B4-18D4115C073A}.Debug|x86.Build.0 = Debug|Any CPU
		{BA94B3C1-5FAC-478A-A0B4-18D4115C073A}.Release|Any CPU.ActiveCfg = Release|Any CPU
		{BA94B3C1-5FAC-478A-A0B4-18D4115C073A}.Release|Any CPU.Build.0 = Release|Any CPU
		{BA94B3C1-5FAC-478A-A0B4-18D4115C073A}.Release|x64.ActiveCfg = Release|Any CPU
		{BA94B3C1-5FAC-478A-A0B4-18D4115C073A}.Release|x64.Build.0 = Release|Any CPU
		{BA94B3C1-5FAC-478A-A0B4-18D4115C073A}.Release|x86.ActiveCfg = Release|Any CPU
		{BA94B3C1-5FAC-478A-A0B4-18D4115C073A}.Release|x86.Build.0 = Release|Any CPU
		{3224FECF-89AA-47EB-8DA7-9F645270A016}.Debug|Any CPU.ActiveCfg = Debug|Any CPU
		{3224FECF-89AA-47EB-8DA7-9F645270A016}.Debug|Any CPU.Build.0 = Debug|Any CPU
		{3224FECF-89AA-47EB-8DA7-9F645270A016}.Debug|x64.ActiveCfg = Debug|Any CPU
		{3224FECF-89AA-47EB-8DA7-9F645270A016}.Debug|x64.Build.0 = Debug|Any CPU
		{3224FECF-89AA-47EB-8DA7-9F645270A016}.Debug|x86.ActiveCfg = Debug|Any CPU
		{3224FECF-89AA-47EB-8DA7-9F645270A016}.Debug|x86.Build.0 = Debug|Any CPU
		{3224FECF-89AA-47EB-8DA7-9F645270A016}.Release|Any CPU.ActiveCfg = Release|Any CPU
		{3224FECF-89AA-47EB-8DA7-9F645270A016}.Release|Any CPU.Build.0 = Release|Any CPU
		{3224FECF-89AA-47EB-8DA7-9F645270A016}.Release|x64.ActiveCfg = Release|Any CPU
		{3224FECF-89AA-47EB-8DA7-9F645270A016}.Release|x64.Build.0 = Release|Any CPU
		{3224FECF-89AA-47EB-8DA7-9F645270A016}.Release|x86.ActiveCfg = Release|Any CPU
		{3224FECF-89AA-47EB-8DA7-9F645270A016}.Release|x86.Build.0 = Release|Any CPU
		{57A29139-CA79-4C6C-AA93-BADB21E25D2A}.Debug|Any CPU.ActiveCfg = Debug|Any CPU
		{57A29139-CA79-4C6C-AA93-BADB21E25D2A}.Debug|Any CPU.Build.0 = Debug|Any CPU
		{57A29139-CA79-4C6C-AA93-BADB21E25D2A}.Debug|x64.ActiveCfg = Debug|Any CPU
		{57A29139-CA79-4C6C-AA93-BADB21E25D2A}.Debug|x64.Build.0 = Debug|Any CPU
		{57A29139-CA79-4C6C-AA93-BADB21E25D2A}.Debug|x86.ActiveCfg = Debug|Any CPU
		{57A29139-CA79-4C6C-AA93-BADB21E25D2A}.Debug|x86.Build.0 = Debug|Any CPU
		{57A29139-CA79-4C6C-AA93-BADB21E25D2A}.Release|Any CPU.ActiveCfg = Release|Any CPU
		{57A29139-CA79-4C6C-AA93-BADB21E25D2A}.Release|Any CPU.Build.0 = Release|Any CPU
		{57A29139-CA79-4C6C-AA93-BADB21E25D2A}.Release|x64.ActiveCfg = Release|Any CPU
		{57A29139-CA79-4C6C-AA93-BADB21E25D2A}.Release|x64.Build.0 = Release|Any CPU
		{57A29139-CA79-4C6C-AA93-BADB21E25D2A}.Release|x86.ActiveCfg = Release|Any CPU
		{57A29139-CA79-4C6C-AA93-BADB21E25D2A}.Release|x86.Build.0 = Release|Any CPU
		{6E21154C-D6AD-43F7-9C13-10F146C16805}.Debug|Any CPU.ActiveCfg = Debug|Any CPU
		{6E21154C-D6AD-43F7-9C13-10F146C16805}.Debug|Any CPU.Build.0 = Debug|Any CPU
		{6E21154C-D6AD-43F7-9C13-10F146C16805}.Debug|x64.ActiveCfg = Debug|Any CPU
		{6E21154C-D6AD-43F7-9C13-10F146C16805}.Debug|x64.Build.0 = Debug|Any CPU
		{6E21154C-D6AD-43F7-9C13-10F146C16805}.Debug|x86.ActiveCfg = Debug|Any CPU
		{6E21154C-D6AD-43F7-9C13-10F146C16805}.Debug|x86.Build.0 = Debug|Any CPU
		{6E21154C-D6AD-43F7-9C13-10F146C16805}.Release|Any CPU.ActiveCfg = Release|Any CPU
		{6E21154C-D6AD-43F7-9C13-10F146C16805}.Release|Any CPU.Build.0 = Release|Any CPU
		{6E21154C-D6AD-43F7-9C13-10F146C16805}.Release|x64.ActiveCfg = Release|Any CPU
		{6E21154C-D6AD-43F7-9C13-10F146C16805}.Release|x64.Build.0 = Release|Any CPU
		{6E21154C-D6AD-43F7-9C13-10F146C16805}.Release|x86.ActiveCfg = Release|Any CPU
		{6E21154C-D6AD-43F7-9C13-10F146C16805}.Release|x86.Build.0 = Release|Any CPU
		{163184F5-F7B7-4C65-BCB0-A3282039EB18}.Debug|Any CPU.ActiveCfg = Debug|Any CPU
		{163184F5-F7B7-4C65-BCB0-A3282039EB18}.Debug|Any CPU.Build.0 = Debug|Any CPU
		{163184F5-F7B7-4C65-BCB0-A3282039EB18}.Debug|x64.ActiveCfg = Debug|Any CPU
		{163184F5-F7B7-4C65-BCB0-A3282039EB18}.Debug|x64.Build.0 = Debug|Any CPU
		{163184F5-F7B7-4C65-BCB0-A3282039EB18}.Debug|x86.ActiveCfg = Debug|Any CPU
		{163184F5-F7B7-4C65-BCB0-A3282039EB18}.Debug|x86.Build.0 = Debug|Any CPU
		{163184F5-F7B7-4C65-BCB0-A3282039EB18}.Release|Any CPU.ActiveCfg = Release|Any CPU
		{163184F5-F7B7-4C65-BCB0-A3282039EB18}.Release|Any CPU.Build.0 = Release|Any CPU
		{163184F5-F7B7-4C65-BCB0-A3282039EB18}.Release|x64.ActiveCfg = Release|Any CPU
		{163184F5-F7B7-4C65-BCB0-A3282039EB18}.Release|x64.Build.0 = Release|Any CPU
		{163184F5-F7B7-4C65-BCB0-A3282039EB18}.Release|x86.ActiveCfg = Release|Any CPU
		{163184F5-F7B7-4C65-BCB0-A3282039EB18}.Release|x86.Build.0 = Release|Any CPU
		{1931E1D7-B5AD-41F6-BEC7-5E18A7B4213C}.Debug|Any CPU.ActiveCfg = Debug|Any CPU
		{1931E1D7-B5AD-41F6-BEC7-5E18A7B4213C}.Debug|Any CPU.Build.0 = Debug|Any CPU
		{1931E1D7-B5AD-41F6-BEC7-5E18A7B4213C}.Debug|x64.ActiveCfg = Debug|Any CPU
		{1931E1D7-B5AD-41F6-BEC7-5E18A7B4213C}.Debug|x64.Build.0 = Debug|Any CPU
		{1931E1D7-B5AD-41F6-BEC7-5E18A7B4213C}.Debug|x86.ActiveCfg = Debug|Any CPU
		{1931E1D7-B5AD-41F6-BEC7-5E18A7B4213C}.Debug|x86.Build.0 = Debug|Any CPU
		{1931E1D7-B5AD-41F6-BEC7-5E18A7B4213C}.Release|Any CPU.ActiveCfg = Release|Any CPU
		{1931E1D7-B5AD-41F6-BEC7-5E18A7B4213C}.Release|Any CPU.Build.0 = Release|Any CPU
		{1931E1D7-B5AD-41F6-BEC7-5E18A7B4213C}.Release|x64.ActiveCfg = Release|Any CPU
		{1931E1D7-B5AD-41F6-BEC7-5E18A7B4213C}.Release|x64.Build.0 = Release|Any CPU
		{1931E1D7-B5AD-41F6-BEC7-5E18A7B4213C}.Release|x86.ActiveCfg = Release|Any CPU
		{1931E1D7-B5AD-41F6-BEC7-5E18A7B4213C}.Release|x86.Build.0 = Release|Any CPU
		{E08F1886-4178-47F4-9C8B-6B7CD8E3100A}.Debug|Any CPU.ActiveCfg = Debug|Any CPU
		{E08F1886-4178-47F4-9C8B-6B7CD8E3100A}.Debug|Any CPU.Build.0 = Debug|Any CPU
		{E08F1886-4178-47F4-9C8B-6B7CD8E3100A}.Debug|x64.ActiveCfg = Debug|Any CPU
		{E08F1886-4178-47F4-9C8B-6B7CD8E3100A}.Debug|x64.Build.0 = Debug|Any CPU
		{E08F1886-4178-47F4-9C8B-6B7CD8E3100A}.Debug|x86.ActiveCfg = Debug|Any CPU
		{E08F1886-4178-47F4-9C8B-6B7CD8E3100A}.Debug|x86.Build.0 = Debug|Any CPU
		{E08F1886-4178-47F4-9C8B-6B7CD8E3100A}.Release|Any CPU.ActiveCfg = Release|Any CPU
		{E08F1886-4178-47F4-9C8B-6B7CD8E3100A}.Release|Any CPU.Build.0 = Release|Any CPU
		{E08F1886-4178-47F4-9C8B-6B7CD8E3100A}.Release|x64.ActiveCfg = Release|Any CPU
		{E08F1886-4178-47F4-9C8B-6B7CD8E3100A}.Release|x64.Build.0 = Release|Any CPU
		{E08F1886-4178-47F4-9C8B-6B7CD8E3100A}.Release|x86.ActiveCfg = Release|Any CPU
		{E08F1886-4178-47F4-9C8B-6B7CD8E3100A}.Release|x86.Build.0 = Release|Any CPU
	EndGlobalSection
	GlobalSection(SolutionProperties) = preSolution
		HideSolutionNode = FALSE
	EndGlobalSection
	GlobalSection(NestedProjects) = preSolution
		{5A71550C-4AF1-48A4-B049-71BE06635F07} = {0C01A0CD-59DF-4818-8341-F15BB9F8A375}
		{96403642-0E17-434D-83AC-C0CAAA7ADA4D} = {0C01A0CD-59DF-4818-8341-F15BB9F8A375}
		{BA94B3C1-5FAC-478A-A0B4-18D4115C073A} = {0C01A0CD-59DF-4818-8341-F15BB9F8A375}
		{3224FECF-89AA-47EB-8DA7-9F645270A016} = {015DEB31-6993-4F3F-8ADB-1D4888834300}
		{57A29139-CA79-4C6C-AA93-BADB21E25D2A} = {015DEB31-6993-4F3F-8ADB-1D4888834300}
		{6E21154C-D6AD-43F7-9C13-10F146C16805} = {015DEB31-6993-4F3F-8ADB-1D4888834300}
		{163184F5-F7B7-4C65-BCB0-A3282039EB18} = {0C01A0CD-59DF-4818-8341-F15BB9F8A375}
		{1931E1D7-B5AD-41F6-BEC7-5E18A7B4213C} = {015DEB31-6993-4F3F-8ADB-1D4888834300}
	EndGlobalSection
	GlobalSection(ExtensibilityGlobals) = postSolution
		SolutionGuid = {517FC46C-0622-40B6-AF30-A704B11EB2C7}
	EndGlobalSection
EndGlobal
